
Microsoft Visual Studio Solution File, Format Version 12.00
# Visual Studio Version 16
VisualStudioVersion = 16.0.31112.23
MinimumVisualStudioVersion = 10.0.40219.1
Project("{FAE04EC0-301F-11D3-BF4B-00C04F79EFBC}") = "MusicPlayerApp", "MusicPlayerApp\MusicPlayerApp.csproj", "{DDB164EF-6E8B-4C71-A884-ED13F07D7DAE}"
EndProject
Global
	GlobalSection(SolutionConfigurationPlatforms) = preSolution
		Debug|Any CPU = Debug|Any CPU
		Release|Any CPU = Release|Any CPU
	EndGlobalSection
	GlobalSection(ProjectConfigurationPlatforms) = postSolution
		{DDB164EF-6E8B-4C71-A884-ED13F07D7DAE}.Debug|Any CPU.ActiveCfg = Debug|Any CPU
		{DDB164EF-6E8B-4C71-A884-ED13F07D7DAE}.Debug|Any CPU.Build.0 = Debug|Any CPU
		{DDB164EF-6E8B-4C71-A884-ED13F07D7DAE}.Release|Any CPU.ActiveCfg = Release|Any CPU
		{DDB164EF-6E8B-4C71-A884-ED13F07D7DAE}.Release|Any CPU.Build.0 = Release|Any CPU
	EndGlobalSection
	GlobalSection(SolutionProperties) = preSolution
		HideSolutionNode = FALSE
	EndGlobalSection
	GlobalSection(ExtensibilityGlobals) = postSolution
		SolutionGuid = {734FD04E-9293-4A74-B5CB-E61D93BE3857}
	EndGlobalSection
EndGlobal
